# This file is autogenerated, do not edit; changes may be undone by the next 'dep ensure'.


[[projects]]
  branch = "master"
  name = "github.com/btcsuite/btcd"
  packages = ["btcec"]
  revision = "2a560b2036bee5e3679ec2133eb6520b2f195213"

[[projects]]
  branch = "master"
  name = "github.com/certusone/yubihsm-go"
  packages = [
    ".",
    "commands",
    "connector",
    "securechannel"
  ]
  revision = "102a7057df8e1a7c456db5d40ef0557a9e57a1f3"

[[projects]]
  name = "github.com/davecgh/go-spew"
  packages = ["spew"]
  revision = "8991bc29aa16c548c550c7ff78260e27b9ab7c73"
  version = "v1.1.1"

[[projects]]
  branch = "master"
  name = "github.com/enceve/crypto"
  packages = [
    ".",
    "cmac"
  ]
  revision = "34d48bb938155e3b408f014835ee1f6e3b4c2672"

[[projects]]
  name = "github.com/go-kit/kit"
  packages = [
    "log",
    "log/level",
    "log/term"
  ]
  revision = "4dc7be5d2d12881735283bcab7352178e190fc71"
  version = "v0.6.0"

[[projects]]
  name = "github.com/go-logfmt/logfmt"
  packages = ["."]
  revision = "390ab7935ee28ec6b286364bba9b4dd6410cb3d5"
  version = "v0.3.0"

[[projects]]
  name = "github.com/go-stack/stack"
  packages = ["."]
  revision = "2fee6af1a9795aafbe0253a0cfbdf668e1fb8a9a"
  version = "v1.8.0"

[[projects]]
  name = "github.com/gogo/protobuf"
  packages = [
    "gogoproto",
    "jsonpb",
    "proto",
    "protoc-gen-gogo/descriptor",
    "sortkeys",
    "types"
  ]
  revision = "636bf0302bc95575d69441b25a2603156ffdddf1"
  version = "v1.1.1"

[[projects]]
  name = "github.com/golang/protobuf"
  packages = [
    "proto",
    "ptypes",
    "ptypes/any",
    "ptypes/duration",
    "ptypes/timestamp"
  ]
  revision = "b4deda0973fb4c70b50d226b1af49f3da59f5265"
  version = "v1.1.0"

[[projects]]
  branch = "master"
  name = "github.com/kr/logfmt"
  packages = ["."]
  revision = "b84e30acd515aadc4b783ad4ff83aff3299bdfe0"

[[projects]]
  name = "github.com/pkg/errors"
  packages = ["."]
  revision = "645ef00459ed84a119197bfb8d8205042c6df63d"
  version = "v0.8.0"

[[projects]]
  name = "github.com/tendermint/btcd"
  packages = ["btcec"]
  revision = "e5840949ff4fff0c56f9b6a541e22b63581ea9df"

[[projects]]
  branch = "master"
  name = "github.com/tendermint/ed25519"
  packages = [
    ".",
    "edwards25519",
    "extra25519"
  ]
  revision = "d8387025d2b9d158cf4efb07e7ebf814bcce2057"

[[projects]]
  name = "github.com/tendermint/go-amino"
  packages = ["."]
  revision = "faa6e731944e2b7b6a46ad202902851e8ce85bee"
  version = "v0.12.0"

[[projects]]
  name = "github.com/tendermint/tendermint"
  packages = [
    "abci/types",
    "crypto",
    "crypto/ed25519",
    "crypto/encoding/amino",
    "crypto/merkle",
    "crypto/multisig",
    "crypto/multisig/bitarray",
    "crypto/secp256k1",
    "crypto/tmhash",
    "libs/common",
    "libs/log",
    "libs/pubsub",
    "libs/pubsub/query",
    "types",
    "types/time"
  ]
  revision = "d419fffe18531317c28c29a292ad7d253f6cafdf"
  version = "v0.24.0"

[[projects]]
  branch = "master"
  name = "golang.org/x/crypto"
  packages = [
    "pbkdf2",
    "ripemd160"
  ]
  revision = "5295e8364332db77d75fce11f1d19c053919a9c9"

[[projects]]
  branch = "release-branch.go1.11"
  name = "golang.org/x/net"
  packages = [
    "context",
    "http/httpguts",
    "http2",
    "http2/hpack",
    "idna",
    "internal/timeseries",
    "trace"
  ]
  revision = "c39426892332e1bb5ec0a434a079bf82f5d30c54"

[[projects]]
  name = "golang.org/x/text"
  packages = [
    "collate",
    "collate/build",
    "internal/colltab",
    "internal/gen",
    "internal/tag",
    "internal/triegen",
    "internal/ucd",
    "language",
    "secure/bidirule",
    "transform",
    "unicode/bidi",
    "unicode/cldr",
    "unicode/norm",
    "unicode/rangetable"
  ]
  revision = "f21a4dfb5e38f5895301dc265a8def02365cc3d0"
  version = "v0.3.0"

[[projects]]
  branch = "master"
  name = "google.golang.org/genproto"
  packages = ["googleapis/rpc/status"]
  revision = "c7e5094acea1ca1b899e2259d80a6b0f882f81f8"

[[projects]]
  name = "google.golang.org/grpc"
  packages = [
    ".",
    "balancer",
    "balancer/base",
    "balancer/roundrobin",
    "codes",
    "connectivity",
    "credentials",
    "encoding",
    "encoding/proto",
    "grpclog",
    "internal",
    "internal/backoff",
    "internal/channelz",
    "internal/grpcrand",
    "keepalive",
    "metadata",
    "naming",
    "peer",
    "resolver",
    "resolver/dns",
    "resolver/passthrough",
    "stats",
    "status",
    "tap",
    "transport"
  ]
  revision = "168a6198bcb0ef175f7dacec0b8691fc141dc9b8"
  version = "v1.13.0"

[solve-meta]
  analyzer-name = "dep"
  analyzer-version = 1
  inputs-digest = "ce36da4f71a430971b68672ab49a690efd7bf70faf8188e3474f0d82af7dd355"
  solver-name = "gps-cdcl"
  solver-version = 1
